// !$*UTF8*$!
{
	archiveVersion = 1;
	classes = {
	};
	objectVersion = 46;
	objects = {

/* Begin PBXBuildFile section */
		4588FB231DBD5B7A00F6EC90 /* Makefile in Sources */ = {isa = PBXBuildFile; fileRef = 4588FB221DBD5B7A00F6EC90 /* Makefile */; };
		458C13061DE12C0E00099B32 /* cImage.cpp in Sources */ = {isa = PBXBuildFile; fileRef = 458C13051DE12C0E00099B32 /* cImage.cpp */; };
		458C13091DE21A6600099B32 /* cVector2d.cpp in Sources */ = {isa = PBXBuildFile; fileRef = 458C13081DE21A6600099B32 /* cVector2d.cpp */; };
		45B4A2B11DBD26F200F2CDB6 /* main.cpp in Sources */ = {isa = PBXBuildFile; fileRef = 45B4A2A71DBD26F200F2CDB6 /* main.cpp */; settings = {COMPILER_FLAGS = "-Wno-deprecated"; }; };
		45B4A2B21DBD26F200F2CDB6 /* cPixel.cpp in Sources */ = {isa = PBXBuildFile; fileRef = 45B4A2A91DBD26F200F2CDB6 /* cPixel.cpp */; };
		45B4A2B71DBD49C500F2CDB6 /* OpenGL.framework in Frameworks */ = {isa = PBXBuildFile; fileRef = 45B4A2B61DBD49C500F2CDB6 /* OpenGL.framework */; };
		45B4A2B91DBD49CB00F2CDB6 /* GLUT.framework in Frameworks */ = {isa = PBXBuildFile; fileRef = 45B4A2B81DBD49CB00F2CDB6 /* GLUT.framework */; };
/* End PBXBuildFile section */

/* Begin PBXCopyFilesBuildPhase section */
		4528AE0D1DBD24C6007AAFBB /* CopyFiles */ = {
			isa = PBXCopyFilesBuildPhase;
			buildActionMask = 2147483647;
			dstPath = /usr/share/man/man1/;
			dstSubfolderSpec = 0;
			files = (
			);
			runOnlyForDeploymentPostprocessing = 1;
		};
/* End PBXCopyFilesBuildPhase section */

/* Begin PBXFileReference section */
		4528AE0F1DBD24C6007AAFBB /* Image Processing Template */ = {isa = PBXFileReference; explicitFileType = "compiled.mach-o.executable"; includeInIndex = 0; path = "Image Processing Template"; sourceTree = BUILT_PRODUCTS_DIR; };
		45425C0B1DD162370022A670 /* Tony.ppm */ = {isa = PBXFileReference; lastKnownFileType = file; path = Tony.ppm; sourceTree = "<group>"; };
		4588FB151DBD4BEA00F6EC90 /* 2dShapes.hpp */ = {isa = PBXFileReference; fileEncoding = 4; lastKnownFileType = sourcecode.cpp.h; path = 2dShapes.hpp; sourceTree = "<group>"; };
		4588FB161DBD4BEA00F6EC90 /* filters.hpp */ = {isa = PBXFileReference; fileEncoding = 4; lastKnownFileType = sourcecode.cpp.h; path = filters.hpp; sourceTree = "<group>"; };
		4588FB181DBD4BEA00F6EC90 /* cImage.hpp */ = {isa = PBXFileReference; fileEncoding = 4; lastKnownFileType = sourcecode.cpp.h; path = cImage.hpp; sourceTree = "<group>"; };
		4588FB191DBD4BEA00F6EC90 /* manipulation.hpp */ = {isa = PBXFileReference; fileEncoding = 4; lastKnownFileType = sourcecode.cpp.h; path = manipulation.hpp; sourceTree = "<group>"; };
		4588FB1A1DBD4BEA00F6EC90 /* cPixel.hpp */ = {isa = PBXFileReference; fileEncoding = 4; lastKnownFileType = sourcecode.cpp.h; path = cPixel.hpp; sourceTree = "<group>"; };
		4588FB1B1DBD4BEA00F6EC90 /* cVector2d.hpp */ = {isa = PBXFileReference; fileEncoding = 4; lastKnownFileType = sourcecode.cpp.h; path = cVector2d.hpp; sourceTree = "<group>"; };
		4588FB221DBD5B7A00F6EC90 /* Makefile */ = {isa = PBXFileReference; fileEncoding = 4; lastKnownFileType = sourcecode.make; path = Makefile; sourceTree = "<group>"; };
		4588FB241DBD616100F6EC90 /* utility.hpp */ = {isa = PBXFileReference; lastKnownFileType = sourcecode.cpp.h; path = utility.hpp; sourceTree = "<group>"; };
		4588FB251DBD631300F6EC90 /* glFunctions.hpp */ = {isa = PBXFileReference; lastKnownFileType = sourcecode.cpp.h; name = glFunctions.hpp; path = ../src/glFunctions.hpp; sourceTree = "<group>"; };
		4588FB271DBD63C200F6EC90 /* test2.pbm */ = {isa = PBXFileReference; lastKnownFileType = file; path = test2.pbm; sourceTree = "<group>"; };
		4588FB281DBD6AFA00F6EC90 /* .gitignore */ = {isa = PBXFileReference; fileEncoding = 4; lastKnownFileType = text; path = .gitignore; sourceTree = "<group>"; };
		458C13051DE12C0E00099B32 /* cImage.cpp */ = {isa = PBXFileReference; fileEncoding = 4; lastKnownFileType = sourcecode.cpp.cpp; path = cImage.cpp; sourceTree = "<group>"; };
		458C13071DE1EF6900099B32 /* dithering.hpp */ = {isa = PBXFileReference; fileEncoding = 4; lastKnownFileType = sourcecode.cpp.h; path = dithering.hpp; sourceTree = "<group>"; };
		458C13081DE21A6600099B32 /* cVector2d.cpp */ = {isa = PBXFileReference; fileEncoding = 4; lastKnownFileType = sourcecode.cpp.cpp; path = cVector2d.cpp; sourceTree = "<group>"; };
		458F18CE1DDA0398008C711D /* compositing.hpp */ = {isa = PBXFileReference; lastKnownFileType = sourcecode.cpp.h; path = compositing.hpp; sourceTree = "<group>"; };
		458F18CF1DDA0963008C711D /* circ.ppm */ = {isa = PBXFileReference; fileEncoding = 4; lastKnownFileType = text; path = circ.ppm; sourceTree = "<group>"; };
		458F18D01DDA0963008C711D /* circaa.ppm */ = {isa = PBXFileReference; fileEncoding = 4; lastKnownFileType = text; path = circaa.ppm; sourceTree = "<group>"; };
		458F18D11DDA0963008C711D /* clouds.ppm */ = {isa = PBXFileReference; fileEncoding = 4; lastKnownFileType = text; path = clouds.ppm; sourceTree = "<group>"; };
		458F18D21DDA0963008C711D /* im1_500x500.ppm */ = {isa = PBXFileReference; lastKnownFileType = file; path = im1_500x500.ppm; sourceTree = "<group>"; };
		458F18D31DDA0963008C711D /* im2_500x500.ppm */ = {isa = PBXFileReference; fileEncoding = 4; lastKnownFileType = text; path = im2_500x500.ppm; sourceTree = "<group>"; };
		458F18D41DDA0963008C711D /* im3_500x500.ppm */ = {isa = PBXFileReference; fileEncoding = 4; lastKnownFileType = text; path = im3_500x500.ppm; sourceTree = "<group>"; };
		458F18D51DDA0963008C711D /* lin.ppm */ = {isa = PBXFileReference; fileEncoding = 4; lastKnownFileType = text; path = lin.ppm; sourceTree = "<group>"; };
		458F18D61DDA0963008C711D /* linaa.ppm */ = {isa = PBXFileReference; fileEncoding = 4; lastKnownFileType = text; path = linaa.ppm; sourceTree = "<group>"; };
		458F18D71DDA0963008C711D /* poly.ppm */ = {isa = PBXFileReference; fileEncoding = 4; lastKnownFileType = text; path = poly.ppm; sourceTree = "<group>"; };
		458F18D81DDA0963008C711D /* polyaa.ppm */ = {isa = PBXFileReference; fileEncoding = 4; lastKnownFileType = text; path = polyaa.ppm; sourceTree = "<group>"; };
		458F18D91DDA0963008C711D /* pr02_convex.pbm */ = {isa = PBXFileReference; fileEncoding = 4; lastKnownFileType = text; path = pr02_convex.pbm; sourceTree = "<group>"; };
		458F18DA1DDA0963008C711D /* pr02_fu_aa.pbm */ = {isa = PBXFileReference; fileEncoding = 4; lastKnownFileType = text; path = pr02_fu_aa.pbm; sourceTree = "<group>"; };
		458F18DB1DDA0963008C711D /* pr02_fu.pbm */ = {isa = PBXFileReference; fileEncoding = 4; lastKnownFileType = text; path = pr02_fu.pbm; sourceTree = "<group>"; };
		458F18DC1DDA0963008C711D /* pr02_sh_aa.pbm */ = {isa = PBXFileReference; fileEncoding = 4; lastKnownFileType = text; path = pr02_sh_aa.pbm; sourceTree = "<group>"; };
		458F18DD1DDA0963008C711D /* pr02_sh.pbm */ = {isa = PBXFileReference; fileEncoding = 4; lastKnownFileType = text; path = pr02_sh.pbm; sourceTree = "<group>"; };
		458F18DE1DDA0963008C711D /* pr02_st_aa.pbm */ = {isa = PBXFileReference; fileEncoding = 4; lastKnownFileType = text; path = pr02_st_aa.pbm; sourceTree = "<group>"; };
		458F18DF1DDA0963008C711D /* pr02_st.pbm */ = {isa = PBXFileReference; fileEncoding = 4; lastKnownFileType = text; path = pr02_st.pbm; sourceTree = "<group>"; };
		458F18E01DDA0963008C711D /* qm.ppm */ = {isa = PBXFileReference; fileEncoding = 4; lastKnownFileType = text; path = qm.ppm; sourceTree = "<group>"; };
		45B4A29D1DBD26F200F2CDB6 /* readme.txt */ = {isa = PBXFileReference; fileEncoding = 4; lastKnownFileType = text; path = readme.txt; sourceTree = "<group>"; };
		45B4A2A71DBD26F200F2CDB6 /* main.cpp */ = {isa = PBXFileReference; fileEncoding = 4; lastKnownFileType = sourcecode.cpp.cpp; path = main.cpp; sourceTree = "<group>"; };
		45B4A2A91DBD26F200F2CDB6 /* cPixel.cpp */ = {isa = PBXFileReference; fileEncoding = 4; lastKnownFileType = sourcecode.cpp.cpp; path = cPixel.cpp; sourceTree = "<group>"; };
		45B4A2B61DBD49C500F2CDB6 /* OpenGL.framework */ = {isa = PBXFileReference; lastKnownFileType = wrapper.framework; name = OpenGL.framework; path = System/Library/Frameworks/OpenGL.framework; sourceTree = SDKROOT; };
		45B4A2B81DBD49CB00F2CDB6 /* GLUT.framework */ = {isa = PBXFileReference; lastKnownFileType = wrapper.framework; name = GLUT.framework; path = System/Library/Frameworks/GLUT.framework; sourceTree = SDKROOT; };
		45E83FF21DC0CE7800552DC9 /* aa.pbm */ = {isa = PBXFileReference; lastKnownFileType = file; path = aa.pbm; sourceTree = "<group>"; };
		45E83FF31DC0CE7800552DC9 /* cube.pbm */ = {isa = PBXFileReference; fileEncoding = 4; lastKnownFileType = text; path = cube.pbm; sourceTree = "<group>"; };
		45E83FF41DC0CE7800552DC9 /* flower.ppm */ = {isa = PBXFileReference; lastKnownFileType = file; path = flower.ppm; sourceTree = "<group>"; };
		45E83FF51DC0CE7800552DC9 /* guitar.ppm */ = {isa = PBXFileReference; lastKnownFileType = file; path = guitar.ppm; sourceTree = "<group>"; };
		45E83FF61DC0CE7800552DC9 /* guitar2.ppm */ = {isa = PBXFileReference; lastKnownFileType = file; path = guitar2.ppm; sourceTree = "<group>"; };
		45E83FF71DC0CE7800552DC9 /* mill.ppm */ = {isa = PBXFileReference; lastKnownFileType = file; path = mill.ppm; sourceTree = "<group>"; };
		45E83FF81DC0CE7800552DC9 /* painting.ppm */ = {isa = PBXFileReference; fileEncoding = 4; lastKnownFileType = text; path = painting.ppm; sourceTree = "<group>"; };
		45E83FF91DC0CE7800552DC9 /* test.pbm */ = {isa = PBXFileReference; fileEncoding = 4; lastKnownFileType = text; path = test.pbm; sourceTree = "<group>"; };
		45E83FFA1DC0CE7800552DC9 /* test3.pbm */ = {isa = PBXFileReference; lastKnownFileType = file; path = test3.pbm; sourceTree = "<group>"; };
		45E83FFB1DC0CE7800552DC9 /* test3.ppm */ = {isa = PBXFileReference; lastKnownFileType = file; path = test3.ppm; sourceTree = "<group>"; };
		45E83FFC1DC1C36800552DC9 /* AoU_Hulkbuster_0003.pbm */ = {isa = PBXFileReference; lastKnownFileType = file; path = AoU_Hulkbuster_0003.pbm; sourceTree = "<group>"; };
		45EBAD731DC83F6F00B99960 /* transforms.hpp */ = {isa = PBXFileReference; fileEncoding = 4; lastKnownFileType = sourcecode.cpp.h; name = transforms.hpp; path = ../src/transforms.hpp; sourceTree = "<group>"; };
/* End PBXFileReference section */

/* Begin PBXFrameworksBuildPhase section */
		4528AE0C1DBD24C6007AAFBB /* Frameworks */ = {
			isa = PBXFrameworksBuildPhase;
			buildActionMask = 2147483647;
			files = (
				45B4A2B91DBD49CB00F2CDB6 /* GLUT.framework in Frameworks */,
				45B4A2B71DBD49C500F2CDB6 /* OpenGL.framework in Frameworks */,
			);
			runOnlyForDeploymentPostprocessing = 0;
		};
/* End PBXFrameworksBuildPhase section */

/* Begin PBXGroup section */
		4528AE061DBD24C6007AAFBB = {
			isa = PBXGroup;
			children = (
				4588FB281DBD6AFA00F6EC90 /* .gitignore */,
				4588FB261DBD63C200F6EC90 /* test */,
				4588FB221DBD5B7A00F6EC90 /* Makefile */,
				4588FB141DBD4BEA00F6EC90 /* include */,
				45B4A29C1DBD26F200F2CDB6 /* doc */,
				45B4A29E1DBD26F200F2CDB6 /* lib */,
				45B4A29F1DBD26F200F2CDB6 /* src */,
				4528AE101DBD24C6007AAFBB /* Products */,
				45B4A2B51DBD49C500F2CDB6 /* Frameworks */,
			);
			sourceTree = "<group>";
		};
		4528AE101DBD24C6007AAFBB /* Products */ = {
			isa = PBXGroup;
			children = (
				4528AE0F1DBD24C6007AAFBB /* Image Processing Template */,
			);
			name = Products;
			sourceTree = "<group>";
		};
		4588FB141DBD4BEA00F6EC90 /* include */ = {
			isa = PBXGroup;
			children = (
				45EBAD731DC83F6F00B99960 /* transforms.hpp */,
				4588FB151DBD4BEA00F6EC90 /* 2dShapes.hpp */,
				4588FB161DBD4BEA00F6EC90 /* filters.hpp */,
				4588FB181DBD4BEA00F6EC90 /* cImage.hpp */,
				4588FB191DBD4BEA00F6EC90 /* manipulation.hpp */,
				4588FB1A1DBD4BEA00F6EC90 /* cPixel.hpp */,
				4588FB1B1DBD4BEA00F6EC90 /* cVector2d.hpp */,
				4588FB241DBD616100F6EC90 /* utility.hpp */,
				4588FB251DBD631300F6EC90 /* glFunctions.hpp */,
				458F18CE1DDA0398008C711D /* compositing.hpp */,
				458C13071DE1EF6900099B32 /* dithering.hpp */,
			);
			path = include;
			sourceTree = "<group>";
		};
		4588FB261DBD63C200F6EC90 /* test */ = {
			isa = PBXGroup;
			children = (
				458F18CF1DDA0963008C711D /* circ.ppm */,
				458F18D01DDA0963008C711D /* circaa.ppm */,
				458F18D11DDA0963008C711D /* clouds.ppm */,
				458F18D21DDA0963008C711D /* im1_500x500.ppm */,
				458F18D31DDA0963008C711D /* im2_500x500.ppm */,
				458F18D41DDA0963008C711D /* im3_500x500.ppm */,
				458F18D51DDA0963008C711D /* lin.ppm */,
				458F18D61DDA0963008C711D /* linaa.ppm */,
				458F18D71DDA0963008C711D /* poly.ppm */,
				458F18D81DDA0963008C711D /* polyaa.ppm */,
				458F18D91DDA0963008C711D /* pr02_convex.pbm */,
				458F18DA1DDA0963008C711D /* pr02_fu_aa.pbm */,
				458F18DB1DDA0963008C711D /* pr02_fu.pbm */,
				458F18DC1DDA0963008C711D /* pr02_sh_aa.pbm */,
				458F18DD1DDA0963008C711D /* pr02_sh.pbm */,
				458F18DE1DDA0963008C711D /* pr02_st_aa.pbm */,
				458F18DF1DDA0963008C711D /* pr02_st.pbm */,
				458F18E01DDA0963008C711D /* qm.ppm */,
				45425C0B1DD162370022A670 /* Tony.ppm */,
				45E83FFC1DC1C36800552DC9 /* AoU_Hulkbuster_0003.pbm */,
				45E83FF21DC0CE7800552DC9 /* aa.pbm */,
				45E83FF31DC0CE7800552DC9 /* cube.pbm */,
				45E83FF41DC0CE7800552DC9 /* flower.ppm */,
				45E83FF51DC0CE7800552DC9 /* guitar.ppm */,
				45E83FF61DC0CE7800552DC9 /* guitar2.ppm */,
				45E83FF71DC0CE7800552DC9 /* mill.ppm */,
				45E83FF81DC0CE7800552DC9 /* painting.ppm */,
				45E83FF91DC0CE7800552DC9 /* test.pbm */,
				45E83FFA1DC0CE7800552DC9 /* test3.pbm */,
				45E83FFB1DC0CE7800552DC9 /* test3.ppm */,
				4588FB271DBD63C200F6EC90 /* test2.pbm */,
			);
			path = test;
			sourceTree = "<group>";
		};
		45B4A29C1DBD26F200F2CDB6 /* doc */ = {
			isa = PBXGroup;
			children = (
				45B4A29D1DBD26F200F2CDB6 /* readme.txt */,
			);
			path = doc;
			sourceTree = "<group>";
		};
		45B4A29E1DBD26F200F2CDB6 /* lib */ = {
			isa = PBXGroup;
			children = (
			);
			path = lib;
			sourceTree = "<group>";
		};
		45B4A29F1DBD26F200F2CDB6 /* src */ = {
			isa = PBXGroup;
			children = (
				458C13081DE21A6600099B32 /* cVector2d.cpp */,
				458C13051DE12C0E00099B32 /* cImage.cpp */,
				45B4A2A71DBD26F200F2CDB6 /* main.cpp */,
				45B4A2A91DBD26F200F2CDB6 /* cPixel.cpp */,
			);
			path = src;
			sourceTree = "<group>";
		};
		45B4A2B51DBD49C500F2CDB6 /* Frameworks */ = {
			isa = PBXGroup;
			children = (
				45B4A2B81DBD49CB00F2CDB6 /* GLUT.framework */,
				45B4A2B61DBD49C500F2CDB6 /* OpenGL.framework */,
			);
			name = Frameworks;
			sourceTree = "<group>";
		};
/* End PBXGroup section */

/* Begin PBXLegacyTarget section */
		4588FB1E1DBD591D00F6EC90 /* BuildWithMakefile */ = {
			isa = PBXLegacyTarget;
			buildArgumentsString = "$(ACTION)";
			buildConfigurationList = 4588FB1F1DBD591D00F6EC90 /* Build configuration list for PBXLegacyTarget "BuildWithMakefile" */;
			buildPhases = (
			);
			buildToolPath = /usr/bin/make;
			buildWorkingDirectory = "/Users/Ghanshyam/Documents/MS Courses/CSCE 646 Digital Image processing/ProjectTemplate";
			dependencies = (
			);
			name = BuildWithMakefile;
			passBuildSettingsInEnvironment = 1;
			productName = BuildWithMakefile;
		};
/* End PBXLegacyTarget section */

/* Begin PBXNativeTarget section */
		4528AE0E1DBD24C6007AAFBB /* Image Processing Template */ = {
			isa = PBXNativeTarget;
			buildConfigurationList = 4528AE161DBD24C6007AAFBB /* Build configuration list for PBXNativeTarget "Image Processing Template" */;
			buildPhases = (
				4528AE0B1DBD24C6007AAFBB /* Sources */,
				4528AE0C1DBD24C6007AAFBB /* Frameworks */,
				4528AE0D1DBD24C6007AAFBB /* CopyFiles */,
			);
			buildRules = (
			);
			dependencies = (
			);
			name = "Image Processing Template";
			productName = "Image Processing Template";
			productReference = 4528AE0F1DBD24C6007AAFBB /* Image Processing Template */;
			productType = "com.apple.product-type.tool";
		};
/* End PBXNativeTarget section */

/* Begin PBXProject section */
		4528AE071DBD24C6007AAFBB /* Project object */ = {
			isa = PBXProject;
			attributes = {
				LastUpgradeCheck = 0800;
				ORGANIZATIONNAME = "Ghanshyam Bhutra";
				TargetAttributes = {
					4528AE0E1DBD24C6007AAFBB = {
						CreatedOnToolsVersion = 8.0;
						ProvisioningStyle = Automatic;
					};
					4588FB1E1DBD591D00F6EC90 = {
						CreatedOnToolsVersion = 8.0;
						ProvisioningStyle = Automatic;
					};
				};
			};
			buildConfigurationList = 4528AE0A1DBD24C6007AAFBB /* Build configuration list for PBXProject "Image Processing Template" */;
			compatibilityVersion = "Xcode 3.2";
			developmentRegion = English;
			hasScannedForEncodings = 0;
			knownRegions = (
				en,
			);
			mainGroup = 4528AE061DBD24C6007AAFBB;
			productRefGroup = 4528AE101DBD24C6007AAFBB /* Products */;
			projectDirPath = "";
			projectRoot = "";
			targets = (
				4528AE0E1DBD24C6007AAFBB /* Image Processing Template */,
				4588FB1E1DBD591D00F6EC90 /* BuildWithMakefile */,
			);
		};
/* End PBXProject section */

/* Begin PBXSourcesBuildPhase section */
		4528AE0B1DBD24C6007AAFBB /* Sources */ = {
			isa = PBXSourcesBuildPhase;
			buildActionMask = 2147483647;
			files = (
				458C13091DE21A6600099B32 /* cVector2d.cpp in Sources */,
				45B4A2B21DBD26F200F2CDB6 /* cPixel.cpp in Sources */,
				458C13061DE12C0E00099B32 /* cImage.cpp in Sources */,
				45B4A2B11DBD26F200F2CDB6 /* main.cpp in Sources */,
				4588FB231DBD5B7A00F6EC90 /* Makefile in Sources */,
			);
			runOnlyForDeploymentPostprocessing = 0;
		};
/* End PBXSourcesBuildPhase section */

/* Begin XCBuildConfiguration section */
		4528AE141DBD24C6007AAFBB /* Debug */ = {
			isa = XCBuildConfiguration;
			buildSettings = {
				ALWAYS_SEARCH_USER_PATHS = NO;
				CLANG_ANALYZER_NONNULL = YES;
				CLANG_CXX_LANGUAGE_STANDARD = "gnu++0x";
				CLANG_CXX_LIBRARY = "libc++";
				CLANG_ENABLE_MODULES = YES;
				CLANG_ENABLE_OBJC_ARC = YES;
				CLANG_WARN_BOOL_CONVERSION = YES;
				CLANG_WARN_CONSTANT_CONVERSION = YES;
				CLANG_WARN_DIRECT_OBJC_ISA_USAGE = YES_ERROR;
				CLANG_WARN_DOCUMENTATION_COMMENTS = YES;
				CLANG_WARN_EMPTY_BODY = YES;
				CLANG_WARN_ENUM_CONVERSION = YES;
				CLANG_WARN_INFINITE_RECURSION = YES;
				CLANG_WARN_INT_CONVERSION = YES;
				CLANG_WARN_OBJC_ROOT_CLASS = YES_ERROR;
				CLANG_WARN_SUSPICIOUS_MOVES = YES;
				CLANG_WARN_UNREACHABLE_CODE = YES;
				CLANG_WARN__DUPLICATE_METHOD_MATCH = YES;
				CODE_SIGN_IDENTITY = "-";
				COPY_PHASE_STRIP = NO;
				DEBUG_INFORMATION_FORMAT = dwarf;
				ENABLE_STRICT_OBJC_MSGSEND = YES;
				ENABLE_TESTABILITY = YES;
				GCC_C_LANGUAGE_STANDARD = gnu99;
				GCC_DYNAMIC_NO_PIC = NO;
				GCC_NO_COMMON_BLOCKS = YES;
				GCC_OPTIMIZATION_LEVEL = 0;
				GCC_PREPROCESSOR_DEFINITIONS = (
					"DEBUG=1",
					"$(inherited)",
				);
				GCC_WARN_64_TO_32_BIT_CONVERSION = YES;
				GCC_WARN_ABOUT_RETURN_TYPE = YES_ERROR;
				GCC_WARN_UNDECLARED_SELECTOR = YES;
				GCC_WARN_UNINITIALIZED_AUTOS = YES_AGGRESSIVE;
				GCC_WARN_UNUSED_FUNCTION = YES;
				GCC_WARN_UNUSED_VARIABLE = YES;
				MACOSX_DEPLOYMENT_TARGET = 10.12;
				MTL_ENABLE_DEBUG_INFO = YES;
				ONLY_ACTIVE_ARCH = YES;
				SDKROOT = macosx;
			};
			name = Debug;
		};
		4528AE151DBD24C6007AAFBB /* Release */ = {
			isa = XCBuildConfiguration;
			buildSettings = {
				ALWAYS_SEARCH_USER_PATHS = NO;
				CLANG_ANALYZER_NONNULL = YES;
				CLANG_CXX_LANGUAGE_STANDARD = "gnu++0x";
				CLANG_CXX_LIBRARY = "libc++";
				CLANG_ENABLE_MODULES = YES;
				CLANG_ENABLE_OBJC_ARC = YES;
				CLANG_WARN_BOOL_CONVERSION = YES;
				CLANG_WARN_CONSTANT_CONVERSION = YES;
				CLANG_WARN_DIRECT_OBJC_ISA_USAGE = YES_ERROR;
				CLANG_WARN_DOCUMENTATION_COMMENTS = YES;
				CLANG_WARN_EMPTY_BODY = YES;
				CLANG_WARN_ENUM_CONVERSION = YES;
				CLANG_WARN_INFINITE_RECURSION = YES;
				CLANG_WARN_INT_CONVERSION = YES;
				CLANG_WARN_OBJC_ROOT_CLASS = YES_ERROR;
				CLANG_WARN_SUSPICIOUS_MOVES = YES;
				CLANG_WARN_UNREACHABLE_CODE = YES;
				CLANG_WARN__DUPLICATE_METHOD_MATCH = YES;
				CODE_SIGN_IDENTITY = "-";
				COPY_PHASE_STRIP = NO;
				DEBUG_INFORMATION_FORMAT = "dwarf-with-dsym";
				ENABLE_NS_ASSERTIONS = NO;
				ENABLE_STRICT_OBJC_MSGSEND = YES;
				GCC_C_LANGUAGE_STANDARD = gnu99;
				GCC_NO_COMMON_BLOCKS = YES;
				GCC_WARN_64_TO_32_BIT_CONVERSION = YES;
				GCC_WARN_ABOUT_RETURN_TYPE = YES_ERROR;
				GCC_WARN_UNDECLARED_SELECTOR = YES;
				GCC_WARN_UNINITIALIZED_AUTOS = YES_AGGRESSIVE;
				GCC_WARN_UNUSED_FUNCTION = YES;
				GCC_WARN_UNUSED_VARIABLE = YES;
				MACOSX_DEPLOYMENT_TARGET = 10.12;
				MTL_ENABLE_DEBUG_INFO = NO;
				SDKROOT = macosx;
			};
			name = Release;
		};
		4528AE171DBD24C6007AAFBB /* Debug */ = {
			isa = XCBuildConfiguration;
			buildSettings = {
				HEADER_SEARCH_PATHS = /usr/local/include;
				LIBRARY_SEARCH_PATHS = /usr/local/lib;
				PRODUCT_NAME = "$(TARGET_NAME)";
			};
			name = Debug;
		};
		4528AE181DBD24C6007AAFBB /* Release */ = {
			isa = XCBuildConfiguration;
			buildSettings = {
				HEADER_SEARCH_PATHS = /usr/local/include;
				LIBRARY_SEARCH_PATHS = /usr/local/lib;
				PRODUCT_NAME = "$(TARGET_NAME)";
			};
			name = Release;
		};
		4588FB201DBD591D00F6EC90 /* Debug */ = {
			isa = XCBuildConfiguration;
			buildSettings = {
				DEBUGGING_SYMBOLS = YES;
				DEBUG_INFORMATION_FORMAT = dwarf;
				GCC_GENERATE_DEBUGGING_SYMBOLS = YES;
				GCC_OPTIMIZATION_LEVEL = 0;
				OTHER_CFLAGS = "";
				OTHER_LDFLAGS = "";
				PRODUCT_NAME = "$(TARGET_NAME)";
			};
			name = Debug;
		};
		4588FB211DBD591D00F6EC90 /* Release */ = {
			isa = XCBuildConfiguration;
			buildSettings = {
				DEBUG_INFORMATION_FORMAT = "dwarf-with-dsym";
				OTHER_CFLAGS = "";
				OTHER_LDFLAGS = "";
				PRODUCT_NAME = "$(TARGET_NAME)";
			};
			name = Release;
		};
/* End XCBuildConfiguration section */

/* Begin XCConfigurationList section */
		4528AE0A1DBD24C6007AAFBB /* Build configuration list for PBXProject "Image Processing Template" */ = {
			isa = XCConfigurationList;
			buildConfigurations = (
				4528AE141DBD24C6007AAFBB /* Debug */,
				4528AE151DBD24C6007AAFBB /* Release */,
			);
			defaultConfigurationIsVisible = 0;
			defaultConfigurationName = Release;
		};
		4528AE161DBD24C6007AAFBB /* Build configuration list for PBXNativeTarget "Image Processing Template" */ = {
			isa = XCConfigurationList;
			buildConfigurations = (
				4528AE171DBD24C6007AAFBB /* Debug */,
				4528AE181DBD24C6007AAFBB /* Release */,
			);
			defaultConfigurationIsVisible = 0;
			defaultConfigurationName = Release;
		};
		4588FB1F1DBD591D00F6EC90 /* Build configuration list for PBXLegacyTarget "BuildWithMakefile" */ = {
			isa = XCConfigurationList;
			buildConfigurations = (
				4588FB201DBD591D00F6EC90 /* Debug */,
				4588FB211DBD591D00F6EC90 /* Release */,
			);
			defaultConfigurationIsVisible = 0;
			defaultConfigurationName = Release;
		};
/* End XCConfigurationList section */
	};
	rootObject = 4528AE071DBD24C6007AAFBB /* Project object */;
}
